
Microsoft Visual Studio Solution File, Format Version 12.00
# Visual Studio 14
VisualStudioVersion = 14.0.23107.0
MinimumVisualStudioVersion = 10.0.40219.1
Project("{FAE04EC0-301F-11D3-BF4B-00C04F79EFBC}") = "Workshop5_1", "Workshop5_1\Workshop5_1.csproj", "{6B29E6F4-B8ED-473A-BC0D-96F8548D459F}"
EndProject
Project("{FAE04EC0-301F-11D3-BF4B-00C04F79EFBC}") = "Workshop5_2", "Workshop5_2\Workshop5_2.csproj", "{3B328DF1-C905-471E-919B-2E891E0662D2}"
EndProject
Project("{FAE04EC0-301F-11D3-BF4B-00C04F79EFBC}") = "Workshop5_3", "Workshop5_3\Workshop5_3.csproj", "{4CA53DB3-4195-46AA-A9AD-C8A792E2175E}"
EndProject
Project("{FAE04EC0-301F-11D3-BF4B-00C04F79EFBC}") = "Workshop5_4", "Workshop5_4\Workshop5_4.csproj", "{F3FCDA89-7F5A-4332-B760-C03320804980}"
EndProject
Global
	GlobalSection(SolutionConfigurationPlatforms) = preSolution
		Debug|Any CPU = Debug|Any CPU
		Release|Any CPU = Release|Any CPU
	EndGlobalSection
	GlobalSection(ProjectConfigurationPlatforms) = postSolution
		{6B29E6F4-B8ED-473A-BC0D-96F8548D459F}.Debug|Any CPU.ActiveCfg = Debug|Any CPU
		{6B29E6F4-B8ED-473A-BC0D-96F8548D459F}.Debug|Any CPU.Build.0 = Debug|Any CPU
		{6B29E6F4-B8ED-473A-BC0D-96F8548D459F}.Release|Any CPU.ActiveCfg = Release|Any CPU
		{6B29E6F4-B8ED-473A-BC0D-96F8548D459F}.Release|Any CPU.Build.0 = Release|Any CPU
		{3B328DF1-C905-471E-919B-2E891E0662D2}.Debug|Any CPU.ActiveCfg = Debug|Any CPU
		{3B328DF1-C905-471E-919B-2E891E0662D2}.Debug|Any CPU.Build.0 = Debug|Any CPU
		{3B328DF1-C905-471E-919B-2E891E0662D2}.Release|Any CPU.ActiveCfg = Release|Any CPU
		{3B328DF1-C905-471E-919B-2E891E0662D2}.Release|Any CPU.Build.0 = Release|Any CPU
		{4CA53DB3-4195-46AA-A9AD-C8A792E2175E}.Debug|Any CPU.ActiveCfg = Debug|Any CPU
		{4CA53DB3-4195-46AA-A9AD-C8A792E2175E}.Debug|Any CPU.Build.0 = Debug|Any CPU
		{4CA53DB3-4195-46AA-A9AD-C8A792E2175E}.Release|Any CPU.ActiveCfg = Release|Any CPU
		{4CA53DB3-4195-46AA-A9AD-C8A792E2175E}.Release|Any CPU.Build.0 = Release|Any CPU
		{F3FCDA89-7F5A-4332-B760-C03320804980}.Debug|Any CPU.ActiveCfg = Debug|Any CPU
		{F3FCDA89-7F5A-4332-B760-C03320804980}.Debug|Any CPU.Build.0 = Debug|Any CPU
		{F3FCDA89-7F5A-4332-B760-C03320804980}.Release|Any CPU.ActiveCfg = Release|Any CPU
		{F3FCDA89-7F5A-4332-B760-C03320804980}.Release|Any CPU.Build.0 = Release|Any CPU
	EndGlobalSection
	GlobalSection(SolutionProperties) = preSolution
		HideSolutionNode = FALSE
	EndGlobalSection
EndGlobal
